
Microsoft Visual Studio Solution File, Format Version 12.00
# Visual Studio Version 17
VisualStudioVersion = 17.3.32804.467
MinimumVisualStudioVersion = 10.0.40219.1
Project("{2150E333-8FDC-42A3-9474-1A3956D46DE8}") = "FrontEnd", "FrontEnd", "{EE9F65F2-5C49-4CDA-8F63-A3DE0BE055E4}"
EndProject
Project("{FAE04EC0-301F-11D3-BF4B-00C04F79EFBC}") = "Mango.Web", "Mango.Web\Mango.Web.csproj", "{F18EFAFA-3487-4FB6-A9C2-64F27355A44C}"
EndProject
Project("{2150E333-8FDC-42A3-9474-1A3956D46DE8}") = "Services", "Services", "{9139A00B-6B74-4E82-9485-B79D5A7F30A5}"
EndProject
Project("{FAE04EC0-301F-11D3-BF4B-00C04F79EFBC}") = "Mango.Services.ProductAPI", "Mango.Services.ProductAPI\Mango.Services.ProductAPI.csproj", "{54FB6963-1531-453E-8E9E-0DD23EEF8444}"
EndProject
Global
	GlobalSection(SolutionConfigurationPlatforms) = preSolution
		Debug|Any CPU = Debug|Any CPU
		Release|Any CPU = Release|Any CPU
	EndGlobalSection
	GlobalSection(ProjectConfigurationPlatforms) = postSolution
		{F18EFAFA-3487-4FB6-A9C2-64F27355A44C}.Debug|Any CPU.ActiveCfg = Debug|Any CPU
		{F18EFAFA-3487-4FB6-A9C2-64F27355A44C}.Debug|Any CPU.Build.0 = Debug|Any CPU
		{F18EFAFA-3487-4FB6-A9C2-64F27355A44C}.Release|Any CPU.ActiveCfg = Release|Any CPU
		{F18EFAFA-3487-4FB6-A9C2-64F27355A44C}.Release|Any CPU.Build.0 = Release|Any CPU
		{54FB6963-1531-453E-8E9E-0DD23EEF8444}.Debug|Any CPU.ActiveCfg = Debug|Any CPU
		{54FB6963-1531-453E-8E9E-0DD23EEF8444}.Debug|Any CPU.Build.0 = Debug|Any CPU
		{54FB6963-1531-453E-8E9E-0DD23EEF8444}.Release|Any CPU.ActiveCfg = Release|Any CPU
		{54FB6963-1531-453E-8E9E-0DD23EEF8444}.Release|Any CPU.Build.0 = Release|Any CPU
	EndGlobalSection
	GlobalSection(SolutionProperties) = preSolution
		HideSolutionNode = FALSE
	EndGlobalSection
	GlobalSection(NestedProjects) = preSolution
		{F18EFAFA-3487-4FB6-A9C2-64F27355A44C} = {EE9F65F2-5C49-4CDA-8F63-A3DE0BE055E4}
		{54FB6963-1531-453E-8E9E-0DD23EEF8444} = {9139A00B-6B74-4E82-9485-B79D5A7F30A5}
	EndGlobalSection
	GlobalSection(ExtensibilityGlobals) = postSolution
		SolutionGuid = {406BFEC9-E1FE-41E2-85E4-B43B094912C4}
	EndGlobalSection
EndGlobal
